
Microsoft Visual Studio Solution File, Format Version 12.00
# Visual Studio Version 17
VisualStudioVersion = 17.4.33213.308
MinimumVisualStudioVersion = 10.0.40219.1
Project("{FAE04EC0-301F-11D3-BF4B-00C04F79EFBC}") = "Cine_Forms", "Cine_Forms.csproj", "{05D98880-61A8-44AD-A89A-393F2EAB65AF}"
EndProject
Global
	GlobalSection(SolutionConfigurationPlatforms) = preSolution
		Debug|Any CPU = Debug|Any CPU
		Release|Any CPU = Release|Any CPU
	EndGlobalSection
	GlobalSection(ProjectConfigurationPlatforms) = postSolution
		{05D98880-61A8-44AD-A89A-393F2EAB65AF}.Debug|Any CPU.ActiveCfg = Debug|Any CPU
		{05D98880-61A8-44AD-A89A-393F2EAB65AF}.Debug|Any CPU.Build.0 = Debug|Any CPU
		{05D98880-61A8-44AD-A89A-393F2EAB65AF}.Release|Any CPU.ActiveCfg = Release|Any CPU
		{05D98880-61A8-44AD-A89A-393F2EAB65AF}.Release|Any CPU.Build.0 = Release|Any CPU
	EndGlobalSection
	GlobalSection(SolutionProperties) = preSolution
		HideSolutionNode = FALSE
	EndGlobalSection
	GlobalSection(ExtensibilityGlobals) = postSolution
		SolutionGuid = {7B81EA14-15E9-4485-9AC9-0BECDF81E296}
	EndGlobalSection
EndGlobal
